
Microsoft Visual Studio Solution File, Format Version 12.00
# Visual Studio Version 16
VisualStudioVersion = 16.0.29025.244
MinimumVisualStudioVersion = 10.0.40219.1
Project("{FAE04EC0-301F-11D3-BF4B-00C04F79EFBC}") = "Basics", "Basics.csproj", "{C64F69F0-126B-4CE5-98CC-8EDBB02F340D}"
EndProject
Global
	GlobalSection(SolutionConfigurationPlatforms) = preSolution
		Debug|Any CPU = Debug|Any CPU
		Release|Any CPU = Release|Any CPU
	EndGlobalSection
	GlobalSection(ProjectConfigurationPlatforms) = postSolution
		{C64F69F0-126B-4CE5-98CC-8EDBB02F340D}.Debug|Any CPU.ActiveCfg = Debug|Any CPU
		{C64F69F0-126B-4CE5-98CC-8EDBB02F340D}.Debug|Any CPU.Build.0 = Debug|Any CPU
		{C64F69F0-126B-4CE5-98CC-8EDBB02F340D}.Release|Any CPU.ActiveCfg = Release|Any CPU
		{C64F69F0-126B-4CE5-98CC-8EDBB02F340D}.Release|Any CPU.Build.0 = Release|Any CPU
	EndGlobalSection
	GlobalSection(SolutionProperties) = preSolution
		HideSolutionNode = FALSE
	EndGlobalSection
	GlobalSection(ExtensibilityGlobals) = postSolution
		SolutionGuid = {BC0FCE68-5916-446A-B426-A7F3454D4377}
	EndGlobalSection
EndGlobal
